{
  "name": "agent-chat",
  "version": "2.0.0",
  "lockfileVersion": 3,
  "requires": true,
  "packages": {
    "": {
      "name": "agent-chat",
      "version": "2.0.0",
      "license": "MIT",
      "bin": {
        "agent-chat": "bin/agent-chat.js",
        "agent-chat-daemon": "bin/daemon.js",
        "agent-chat-setup": "bin/setup.js"
      },
      "engines": {
        "node": ">=18.0.0"
      }
    }
  }
}
